
Microsoft Visual Studio Solution File, Format Version 12.00
# Visual Studio Version 17
VisualStudioVersion = 17.5.33530.505
MinimumVisualStudioVersion = 10.0.40219.1
Project("{6EC3EE1D-3C4E-46DD-8F32-0CC8E7565705}") = "aleph.lang", "lang\aleph.lang.fsproj", "{39C410D8-8759-4217-A1FE-D8A948B2C537}"
EndProject
Project("{9A19103F-16F7-4668-BE54-9A1E7A4F7556}") = "aleph.qsharp", "qsharp\aleph.qsharp.csproj", "{25CE3C8B-4A84-4ED0-A558-654F978B52A5}"
EndProject
Project("{6EC3EE1D-3C4E-46DD-8F32-0CC8E7565705}") = "aleph.backends", "backends\aleph.backends.fsproj", "{6CBDE911-8951-45CF-955D-2380B11F5388}"
EndProject
Project("{6EC3EE1D-3C4E-46DD-8F32-0CC8E7565705}") = "aleph.server", "server\aleph.server.fsproj", "{5D3C58F9-D479-442E-9920-AAE04307E4D2}"
EndProject
Global
	GlobalSection(SolutionConfigurationPlatforms) = preSolution
		Debug|Any CPU = Debug|Any CPU
		Release|Any CPU = Release|Any CPU
	EndGlobalSection
	GlobalSection(ProjectConfigurationPlatforms) = postSolution
		{39C410D8-8759-4217-A1FE-D8A948B2C537}.Debug|Any CPU.ActiveCfg = Debug|Any CPU
		{39C410D8-8759-4217-A1FE-D8A948B2C537}.Debug|Any CPU.Build.0 = Debug|Any CPU
		{39C410D8-8759-4217-A1FE-D8A948B2C537}.Release|Any CPU.ActiveCfg = Release|Any CPU
		{39C410D8-8759-4217-A1FE-D8A948B2C537}.Release|Any CPU.Build.0 = Release|Any CPU
		{25CE3C8B-4A84-4ED0-A558-654F978B52A5}.Debug|Any CPU.ActiveCfg = Debug|Any CPU
		{25CE3C8B-4A84-4ED0-A558-654F978B52A5}.Debug|Any CPU.Build.0 = Debug|Any CPU
		{25CE3C8B-4A84-4ED0-A558-654F978B52A5}.Release|Any CPU.ActiveCfg = Release|Any CPU
		{25CE3C8B-4A84-4ED0-A558-654F978B52A5}.Release|Any CPU.Build.0 = Release|Any CPU
		{6CBDE911-8951-45CF-955D-2380B11F5388}.Debug|Any CPU.ActiveCfg = Debug|Any CPU
		{6CBDE911-8951-45CF-955D-2380B11F5388}.Debug|Any CPU.Build.0 = Debug|Any CPU
		{6CBDE911-8951-45CF-955D-2380B11F5388}.Release|Any CPU.ActiveCfg = Release|Any CPU
		{6CBDE911-8951-45CF-955D-2380B11F5388}.Release|Any CPU.Build.0 = Release|Any CPU
		{5D3C58F9-D479-442E-9920-AAE04307E4D2}.Debug|Any CPU.ActiveCfg = Debug|Any CPU
		{5D3C58F9-D479-442E-9920-AAE04307E4D2}.Debug|Any CPU.Build.0 = Debug|Any CPU
		{5D3C58F9-D479-442E-9920-AAE04307E4D2}.Release|Any CPU.ActiveCfg = Release|Any CPU
		{5D3C58F9-D479-442E-9920-AAE04307E4D2}.Release|Any CPU.Build.0 = Release|Any CPU
	EndGlobalSection
	GlobalSection(SolutionProperties) = preSolution
		HideSolutionNode = FALSE
	EndGlobalSection
	GlobalSection(ExtensibilityGlobals) = postSolution
		SolutionGuid = {C31F1F3D-93F3-42C2-91E2-A29743809104}
	EndGlobalSection
EndGlobal
